
Microsoft Visual Studio Solution File, Format Version 12.00
# Visual Studio 15
VisualStudioVersion = 15.0.27130.2026
MinimumVisualStudioVersion = 10.0.40219.1
Project("{9A19103F-16F7-4668-BE54-9A1E7A4F7556}") = "Blog", "Blog\Blog.csproj", "{B60B432F-74C4-483F-B085-0F23BFA0ADB7}"
EndProject
Project("{9A19103F-16F7-4668-BE54-9A1E7A4F7556}") = "DataLayer", "DataLayer\DataLayer.csproj", "{9894BC35-1578-4637-BEEE-DB32BAFD97AB}"
EndProject
Global
	GlobalSection(SolutionConfigurationPlatforms) = preSolution
		Debug|Any CPU = Debug|Any CPU
		Release|Any CPU = Release|Any CPU
	EndGlobalSection
	GlobalSection(ProjectConfigurationPlatforms) = postSolution
		{B60B432F-74C4-483F-B085-0F23BFA0ADB7}.Debug|Any CPU.ActiveCfg = Debug|Any CPU
		{B60B432F-74C4-483F-B085-0F23BFA0ADB7}.Debug|Any CPU.Build.0 = Debug|Any CPU
		{B60B432F-74C4-483F-B085-0F23BFA0ADB7}.Release|Any CPU.ActiveCfg = Release|Any CPU
		{B60B432F-74C4-483F-B085-0F23BFA0ADB7}.Release|Any CPU.Build.0 = Release|Any CPU
		{9894BC35-1578-4637-BEEE-DB32BAFD97AB}.Debug|Any CPU.ActiveCfg = Debug|Any CPU
		{9894BC35-1578-4637-BEEE-DB32BAFD97AB}.Release|Any CPU.ActiveCfg = Release|Any CPU
		{9894BC35-1578-4637-BEEE-DB32BAFD97AB}.Release|Any CPU.Build.0 = Release|Any CPU
	EndGlobalSection
	GlobalSection(SolutionProperties) = preSolution
		HideSolutionNode = FALSE
	EndGlobalSection
	GlobalSection(ExtensibilityGlobals) = postSolution
		SolutionGuid = {EF92B116-C3C1-4F6A-AD7B-C2C47C6624A2}
	EndGlobalSection
EndGlobal
